FORGE
  remote: https://forgeapi.puppetlabs.com
  specs:
    puppetlabs-apache (1.2.0)
      puppetlabs-concat (>= 1.1.1)
      puppetlabs-stdlib (>= 2.4.0)
    puppetlabs-concat (1.1.2)
      puppetlabs-stdlib (< 5.0.0, >= 3.2.0)
    puppetlabs-git (0.2.0)
      puppetlabs-vcsrepo (>= 0.1.0)
    puppetlabs-mysql (2.3.1)
      puppetlabs-stdlib (>= 3.2.0)
    puppetlabs-stdlib (4.4.0)
    puppetlabs-vcsrepo (1.2.0)

GIT
  remote: https://github.com/bitglue/puppet-arcanist.git
  ref: trusty
  sha: 0c787c935a4159e4b4da1b64ac89cef350797e49
  specs:
    macprofessionals-arcanist (0.0.1)
      puppetlabs-git (~> 0.0)
      puppetlabs-stdlib (~> 4.0)
      puppetlabs-vcsrepo (~> 1.0)

DEPENDENCIES
  macprofessionals-arcanist (>= 0)
  puppetlabs-apache (~> 1.0)
  puppetlabs-git (~> 0.0)
  puppetlabs-mysql (~> 2.0)
  puppetlabs-vcsrepo (< 2.0.0)

